{
  "name": "@jlrwi/optic_type",
  "version": "1.0.0",
  "lockfileVersion": 2,
  "requires": true,
  "packages": {
    "": {
      "name": "@jlrwi/optic_type",
      "version": "1.0.0",
      "license": "ISC",
      "dependencies": {
        "@jlrwi/combinators": "github:jlrwi/combinators",
        "@jlrwi/esfunctions": "github:jlrwi/esfunctions"
      },
      "devDependencies": {
        "@jlrwi/adt-tests": "github:jlrwi/adt-tests",
        "@jlrwi/es-static-types": "github:jlrwi/es-static-types",
        "@jlrwi/jscheck": "github:jlrwi/jscheck"
      }
    },
    "../combinators": {
      "name": "@jlrwi/combinators",
      "version": "1.2.1",
      "extraneous": true,
      "license": "ISC"
    },
    "../esfunctions": {
      "name": "@jlrwi/esfunctions",
      "version": "4.3.0",
      "extraneous": true,
      "license": "ISC",
      "devDependencies": {
        "@jlrwi/jscheck": "github:jlrwi/jscheck"
      }
    },
    "../esstatictypes": {
      "name": "@jlrwi/es-static-types",
      "version": "1.5.0",
      "extraneous": true,
      "license": "ISC",
      "dependencies": {
        "@jlrwi/combinators": "github:jlrwi/combinators",
        "@jlrwi/esfunctions": "github:jlrwi/esfunctions"
      },
      "devDependencies": {
        "@jlrwi/adt-tests": "github:jlrwi/adt-tests",
        "@jlrwi/jscheck": "github:jlrwi/jscheck",
        "@jlrwi/package-processor": "file:../pkg_processor",
        "@jlrwi/static-types-basic": "github:jlrwi/static-types-basic"
      }
    },
    "node_modules/@jlrwi/adt-tests": {
      "version": "2.0.0",
      "resolved": "git+ssh://git@github.com/jlrwi/adt-tests.git#3bcb6111f192bb6725a8d2f21596f6213e00039b",
      "dev": true,
      "license": "ISC",
      "dependencies": {
        "@jlrwi/combinators": "github:jlrwi/combinators",
        "@jlrwi/esfunctions": "github:jlrwi/esfunctions"
      }
    },
    "node_modules/@jlrwi/combinators": {
      "version": "1.2.0",
      "resolved": "git+ssh://git@github.com/jlrwi/combinators.git#0d883dd0de85acc1c93a058308d21b1df2a4e7f7",
      "license": "ISC"
    },
    "node_modules/@jlrwi/es-static-types": {
      "version": "1.5.0",
      "resolved": "git+ssh://git@github.com/jlrwi/es-static-types.git#f6400cc932082a1b4386d0d64277cd5a8ba11da8",
      "dev": true,
      "license": "ISC",
      "dependencies": {
        "@jlrwi/combinators": "github:jlrwi/combinators",
        "@jlrwi/esfunctions": "github:jlrwi/esfunctions"
      }
    },
    "node_modules/@jlrwi/esfunctions": {
      "version": "4.3.0",
      "resolved": "git+ssh://git@github.com/jlrwi/esfunctions.git#9293c43e4ed734eb42d0787b7c3f4e410437ab33",
      "license": "ISC"
    },
    "node_modules/@jlrwi/fulfill": {
      "version": "1.0.0",
      "resolved": "git+ssh://git@github.com/jlrwi/fulfill.git#3e19f118c9ff30639960e2bdeef577e0f2fcd8be",
      "dev": true,
      "license": "ISC"
    },
    "node_modules/@jlrwi/jscheck": {
      "version": "1.0.1",
      "resolved": "git+ssh://git@github.com/jlrwi/jscheck.git#e8ca03716e6388f8ac6efb16797bcf1b91703b7f",
      "dev": true,
      "license": "ISC",
      "dependencies": {
        "@jlrwi/fulfill": "github:jlrwi/fulfill"
      }
    }
  },
  "dependencies": {
    "@jlrwi/adt-tests": {
      "version": "git+ssh://git@github.com/jlrwi/adt-tests.git#3bcb6111f192bb6725a8d2f21596f6213e00039b",
      "dev": true,
      "from": "@jlrwi/adt-tests@github:jlrwi/adt-tests",
      "requires": {
        "@jlrwi/combinators": "github:jlrwi/combinators",
        "@jlrwi/esfunctions": "github:jlrwi/esfunctions"
      }
    },
    "@jlrwi/combinators": {
      "version": "git+ssh://git@github.com/jlrwi/combinators.git#0d883dd0de85acc1c93a058308d21b1df2a4e7f7",
      "from": "@jlrwi/combinators@github:jlrwi/combinators"
    },
    "@jlrwi/es-static-types": {
      "version": "git+ssh://git@github.com/jlrwi/es-static-types.git#f6400cc932082a1b4386d0d64277cd5a8ba11da8",
      "dev": true,
      "from": "@jlrwi/es-static-types@github:jlrwi/es-static-types",
      "requires": {
        "@jlrwi/combinators": "github:jlrwi/combinators",
        "@jlrwi/esfunctions": "github:jlrwi/esfunctions"
      }
    },
    "@jlrwi/esfunctions": {
      "version": "git+ssh://git@github.com/jlrwi/esfunctions.git#9293c43e4ed734eb42d0787b7c3f4e410437ab33",
      "from": "@jlrwi/esfunctions@github:jlrwi/esfunctions"
    },
    "@jlrwi/fulfill": {
      "version": "git+ssh://git@github.com/jlrwi/fulfill.git#3e19f118c9ff30639960e2bdeef577e0f2fcd8be",
      "dev": true,
      "from": "@jlrwi/fulfill@github:jlrwi/fulfill"
    },
    "@jlrwi/jscheck": {
      "version": "git+ssh://git@github.com/jlrwi/jscheck.git#e8ca03716e6388f8ac6efb16797bcf1b91703b7f",
      "dev": true,
      "from": "@jlrwi/jscheck@github:jlrwi/jscheck",
      "requires": {
        "@jlrwi/fulfill": "github:jlrwi/fulfill"
      }
    }
  }
}
